// !$*UTF8*$!
{
	archiveVersion = 1;
	classes = {
	};
	objectVersion = 51;
	objects = {

/* Begin PBXBuildFile section */
		3968A56CFBBA3C1436285C40 /* Pods_Studio_Lamda_Studio_LamdaUITests.framework in Frameworks */ = {isa = PBXBuildFile; fileRef = 913EB6FF2C137A8777FE3927 /* Pods_Studio_Lamda_Studio_LamdaUITests.framework */; };
		7E78368FC949680B55FC3320 /* Pods_Studio_Lamda.framework in Frameworks */ = {isa = PBXBuildFile; fileRef = AF19785CBD2E9E05A6118128 /* Pods_Studio_Lamda.framework */; };
		7F1A923725BE902300821C7B /* StorageManager.swift in Sources */ = {isa = PBXBuildFile; fileRef = 7F1A923625BE902300821C7B /* StorageManager.swift */; };
		7F1F5C2E2597CA3100752B9F /* DetailPageBusinessInfo.swift in Sources */ = {isa = PBXBuildFile; fileRef = 7F1F5C2D2597CA3100752B9F /* DetailPageBusinessInfo.swift */; };
		7F1FB659259BBBEC005AEA68 /* MessagingViewController.swift in Sources */ = {isa = PBXBuildFile; fileRef = 7F1FB658259BBBEC005AEA68 /* MessagingViewController.swift */; };
		7F1FB665259BDC9D005AEA68 /* DetailImageViewController.swift in Sources */ = {isa = PBXBuildFile; fileRef = 7F1FB664259BDC9D005AEA68 /* DetailImageViewController.swift */; };
		7F1FB66E259BE3DE005AEA68 /* DetialImageUIView.swift in Sources */ = {isa = PBXBuildFile; fileRef = 7F1FB66D259BE3DE005AEA68 /* DetialImageUIView.swift */; };
		7F251C52259D881D000C124A /* DetailImageCollectionViewCell.swift in Sources */ = {isa = PBXBuildFile; fileRef = 7F251C51259D881D000C124A /* DetailImageCollectionViewCell.swift */; };
		7F251C5A259E75EA000C124A /* clientModel.swift in Sources */ = {isa = PBXBuildFile; fileRef = 7F251C59259E75EA000C124A /* clientModel.swift */; };
		7F251C64259E7984000C124A /* v3.mp4 in Resources */ = {isa = PBXBuildFile; fileRef = 7F251C61259E7984000C124A /* v3.mp4 */; };
		7F251C65259E7984000C124A /* v1.mp4 in Resources */ = {isa = PBXBuildFile; fileRef = 7F251C62259E7984000C124A /* v1.mp4 */; };
		7F251C66259E7984000C124A /* v2.mp4 in Resources */ = {isa = PBXBuildFile; fileRef = 7F251C63259E7984000C124A /* v2.mp4 */; };
		7F3EA8BA25A12AD10078EDA5 /* SegmentedProgressBar.swift in Sources */ = {isa = PBXBuildFile; fileRef = 7F3EA8B925A12AD10078EDA5 /* SegmentedProgressBar.swift */; };
		7F3EA8C225A1A8590078EDA5 /* ImageCollectionViewCell.swift in Sources */ = {isa = PBXBuildFile; fileRef = 7F3EA8C125A1A8590078EDA5 /* ImageCollectionViewCell.swift */; };
		7FD085392596AFCC001DF6A8 /* AppDelegate.swift in Sources */ = {isa = PBXBuildFile; fileRef = 7FD085382596AFCC001DF6A8 /* AppDelegate.swift */; };
		7FD0853B2596AFCC001DF6A8 /* SceneDelegate.swift in Sources */ = {isa = PBXBuildFile; fileRef = 7FD0853A2596AFCC001DF6A8 /* SceneDelegate.swift */; };
		7FD0853D2596AFCC001DF6A8 /* DetailPageViewController.swift in Sources */ = {isa = PBXBuildFile; fileRef = 7FD0853C2596AFCC001DF6A8 /* DetailPageViewController.swift */; };
		7FD085402596AFCC001DF6A8 /* Main.storyboard in Resources */ = {isa = PBXBuildFile; fileRef = 7FD0853E2596AFCC001DF6A8 /* Main.storyboard */; };
		7FD085422596AFD0001DF6A8 /* Assets.xcassets in Resources */ = {isa = PBXBuildFile; fileRef = 7FD085412596AFD0001DF6A8 /* Assets.xcassets */; };
		7FD085452596AFD0001DF6A8 /* LaunchScreen.storyboard in Resources */ = {isa = PBXBuildFile; fileRef = 7FD085432596AFD0001DF6A8 /* LaunchScreen.storyboard */; };
		7FD085502596AFD0001DF6A8 /* Studio_LamdaTests.swift in Sources */ = {isa = PBXBuildFile; fileRef = 7FD0854F2596AFD0001DF6A8 /* Studio_LamdaTests.swift */; };
		7FD0855B2596AFD0001DF6A8 /* Studio_LamdaUITests.swift in Sources */ = {isa = PBXBuildFile; fileRef = 7FD0855A2596AFD0001DF6A8 /* Studio_LamdaUITests.swift */; };
		7FDCBEFA25AAC74F00A01485 /* SignUpView.swift in Sources */ = {isa = PBXBuildFile; fileRef = 7FDCBEF925AAC74F00A01485 /* SignUpView.swift */; };
		7FDCBF0225AB051700A01485 /* LoginView.swift in Sources */ = {isa = PBXBuildFile; fileRef = 7FDCBF0125AB051700A01485 /* LoginView.swift */; };
		7FDCBF0725AB8E5C00A01485 /* GoogleService-Info.plist in Resources */ = {isa = PBXBuildFile; fileRef = 7FDCBF0625AB8E5C00A01485 /* GoogleService-Info.plist */; };
		7FED24E625AA7CEB000C6C34 /* LoginStartScreenViewController.swift in Sources */ = {isa = PBXBuildFile; fileRef = 7FED24E525AA7CEB000C6C34 /* LoginStartScreenViewController.swift */; };
		7FED24EB25AA7D01000C6C34 /* LoginViewController.swift in Sources */ = {isa = PBXBuildFile; fileRef = 7FED24EA25AA7D01000C6C34 /* LoginViewController.swift */; };
		7FED24F025AA7D15000C6C34 /* SignUpViewController.swift in Sources */ = {isa = PBXBuildFile; fileRef = 7FED24EF25AA7D15000C6C34 /* SignUpViewController.swift */; };
		7FED24F725AA7D71000C6C34 /* LoginStartScreenView.swift in Sources */ = {isa = PBXBuildFile; fileRef = 7FED24F625AA7D71000C6C34 /* LoginStartScreenView.swift */; };
		7FFA744925B768F400B9FD8B /* DataBaseManager.swift in Sources */ = {isa = PBXBuildFile; fileRef = 7FFA744825B768F400B9FD8B /* DataBaseManager.swift */; };
		7FFA744E25B7A0D100B9FD8B /* UIAlertExtension.swift in Sources */ = {isa = PBXBuildFile; fileRef = 7FFA744D25B7A0D100B9FD8B /* UIAlertExtension.swift */; };
		FBCF1903CC7C45A009E81661 /* Pods_Studio_LamdaTests.framework in Frameworks */ = {isa = PBXBuildFile; fileRef = 6907892D954E607DA4DECACE /* Pods_Studio_LamdaTests.framework */; };
/* End PBXBuildFile section */

/* Begin PBXContainerItemProxy section */
		7FD0854C2596AFD0001DF6A8 /* PBXContainerItemProxy */ = {
			isa = PBXContainerItemProxy;
			containerPortal = 7FD0852D2596AFCC001DF6A8 /* Project object */;
			proxyType = 1;
			remoteGlobalIDString = 7FD085342596AFCC001DF6A8;
			remoteInfo = "Studio Lamda";
		};
		7FD085572596AFD0001DF6A8 /* PBXContainerItemProxy */ = {
			isa = PBXContainerItemProxy;
			containerPortal = 7FD0852D2596AFCC001DF6A8 /* Project object */;
			proxyType = 1;
			remoteGlobalIDString = 7FD085342596AFCC001DF6A8;
			remoteInfo = "Studio Lamda";
		};
/* End PBXContainerItemProxy section */

/* Begin PBXFileReference section */
		4A754DD80938E0ACA242BCBA /* Pods-Studio Lamda.release.xcconfig */ = {isa = PBXFileReference; includeInIndex = 1; lastKnownFileType = text.xcconfig; name = "Pods-Studio Lamda.release.xcconfig"; path = "Target Support Files/Pods-Studio Lamda/Pods-Studio Lamda.release.xcconfig"; sourceTree = "<group>"; };
		6907892D954E607DA4DECACE /* Pods_Studio_LamdaTests.framework */ = {isa = PBXFileReference; explicitFileType = wrapper.framework; includeInIndex = 0; path = Pods_Studio_LamdaTests.framework; sourceTree = BUILT_PRODUCTS_DIR; };
		7F1A923625BE902300821C7B /* StorageManager.swift */ = {isa = PBXFileReference; lastKnownFileType = sourcecode.swift; path = StorageManager.swift; sourceTree = "<group>"; };
		7F1F5C2D2597CA3100752B9F /* DetailPageBusinessInfo.swift */ = {isa = PBXFileReference; lastKnownFileType = sourcecode.swift; path = DetailPageBusinessInfo.swift; sourceTree = "<group>"; };
		7F1FB658259BBBEC005AEA68 /* MessagingViewController.swift */ = {isa = PBXFileReference; lastKnownFileType = sourcecode.swift; path = MessagingViewController.swift; sourceTree = "<group>"; };
		7F1FB664259BDC9D005AEA68 /* DetailImageViewController.swift */ = {isa = PBXFileReference; lastKnownFileType = sourcecode.swift; path = DetailImageViewController.swift; sourceTree = "<group>"; };
		7F1FB66D259BE3DE005AEA68 /* DetialImageUIView.swift */ = {isa = PBXFileReference; lastKnownFileType = sourcecode.swift; path = DetialImageUIView.swift; sourceTree = "<group>"; };
		7F251C51259D881D000C124A /* DetailImageCollectionViewCell.swift */ = {isa = PBXFileReference; lastKnownFileType = sourcecode.swift; path = DetailImageCollectionViewCell.swift; sourceTree = "<group>"; };
		7F251C59259E75EA000C124A /* clientModel.swift */ = {isa = PBXFileReference; lastKnownFileType = sourcecode.swift; path = clientModel.swift; sourceTree = "<group>"; };
		7F251C61259E7984000C124A /* v3.mp4 */ = {isa = PBXFileReference; lastKnownFileType = file; path = v3.mp4; sourceTree = "<group>"; };
		7F251C62259E7984000C124A /* v1.mp4 */ = {isa = PBXFileReference; lastKnownFileType = file; path = v1.mp4; sourceTree = "<group>"; };
		7F251C63259E7984000C124A /* v2.mp4 */ = {isa = PBXFileReference; lastKnownFileType = file; path = v2.mp4; sourceTree = "<group>"; };
		7F3EA8B925A12AD10078EDA5 /* SegmentedProgressBar.swift */ = {isa = PBXFileReference; lastKnownFileType = sourcecode.swift; path = SegmentedProgressBar.swift; sourceTree = "<group>"; };
		7F3EA8C125A1A8590078EDA5 /* ImageCollectionViewCell.swift */ = {isa = PBXFileReference; lastKnownFileType = sourcecode.swift; path = ImageCollectionViewCell.swift; sourceTree = "<group>"; };
		7FD085352596AFCC001DF6A8 /* Studio Lamda.app */ = {isa = PBXFileReference; explicitFileType = wrapper.application; includeInIndex = 0; path = "Studio Lamda.app"; sourceTree = BUILT_PRODUCTS_DIR; };
		7FD085382596AFCC001DF6A8 /* AppDelegate.swift */ = {isa = PBXFileReference; lastKnownFileType = sourcecode.swift; path = AppDelegate.swift; sourceTree = "<group>"; };
		7FD0853A2596AFCC001DF6A8 /* SceneDelegate.swift */ = {isa = PBXFileReference; lastKnownFileType = sourcecode.swift; path = SceneDelegate.swift; sourceTree = "<group>"; };
		7FD0853C2596AFCC001DF6A8 /* DetailPageViewController.swift */ = {isa = PBXFileReference; lastKnownFileType = sourcecode.swift; path = DetailPageViewController.swift; sourceTree = "<group>"; };
		7FD0853F2596AFCC001DF6A8 /* Base */ = {isa = PBXFileReference; lastKnownFileType = file.storyboard; name = Base; path = Base.lproj/Main.storyboard; sourceTree = "<group>"; };
		7FD085412596AFD0001DF6A8 /* Assets.xcassets */ = {isa = PBXFileReference; lastKnownFileType = folder.assetcatalog; path = Assets.xcassets; sourceTree = "<group>"; };
		7FD085442596AFD0001DF6A8 /* Base */ = {isa = PBXFileReference; lastKnownFileType = file.storyboard; name = Base; path = Base.lproj/LaunchScreen.storyboard; sourceTree = "<group>"; };
		7FD085462596AFD0001DF6A8 /* Info.plist */ = {isa = PBXFileReference; lastKnownFileType = text.plist.xml; path = Info.plist; sourceTree = "<group>"; };
		7FD0854B2596AFD0001DF6A8 /* Studio LamdaTests.xctest */ = {isa = PBXFileReference; explicitFileType = wrapper.cfbundle; includeInIndex = 0; path = "Studio LamdaTests.xctest"; sourceTree = BUILT_PRODUCTS_DIR; };
		7FD0854F2596AFD0001DF6A8 /* Studio_LamdaTests.swift */ = {isa = PBXFileReference; lastKnownFileType = sourcecode.swift; path = Studio_LamdaTests.swift; sourceTree = "<group>"; };
		7FD085512596AFD0001DF6A8 /* Info.plist */ = {isa = PBXFileReference; lastKnownFileType = text.plist.xml; path = Info.plist; sourceTree = "<group>"; };
		7FD085562596AFD0001DF6A8 /* Studio LamdaUITests.xctest */ = {isa = PBXFileReference; explicitFileType = wrapper.cfbundle; includeInIndex = 0; path = "Studio LamdaUITests.xctest"; sourceTree = BUILT_PRODUCTS_DIR; };
		7FD0855A2596AFD0001DF6A8 /* Studio_LamdaUITests.swift */ = {isa = PBXFileReference; lastKnownFileType = sourcecode.swift; path = Studio_LamdaUITests.swift; sourceTree = "<group>"; };
		7FD0855C2596AFD0001DF6A8 /* Info.plist */ = {isa = PBXFileReference; lastKnownFileType = text.plist.xml; path = Info.plist; sourceTree = "<group>"; };
		7FDCBEF925AAC74F00A01485 /* SignUpView.swift */ = {isa = PBXFileReference; lastKnownFileType = sourcecode.swift; path = SignUpView.swift; sourceTree = "<group>"; };
		7FDCBF0125AB051700A01485 /* LoginView.swift */ = {isa = PBXFileReference; lastKnownFileType = sourcecode.swift; path = LoginView.swift; sourceTree = "<group>"; };
		7FDCBF0625AB8E5C00A01485 /* GoogleService-Info.plist */ = {isa = PBXFileReference; fileEncoding = 4; lastKnownFileType = text.plist.xml; path = "GoogleService-Info.plist"; sourceTree = "<group>"; };
		7FED24E525AA7CEB000C6C34 /* LoginStartScreenViewController.swift */ = {isa = PBXFileReference; lastKnownFileType = sourcecode.swift; path = LoginStartScreenViewController.swift; sourceTree = "<group>"; };
		7FED24EA25AA7D01000C6C34 /* LoginViewController.swift */ = {isa = PBXFileReference; lastKnownFileType = sourcecode.swift; path = LoginViewController.swift; sourceTree = "<group>"; };
		7FED24EF25AA7D15000C6C34 /* SignUpViewController.swift */ = {isa = PBXFileReference; lastKnownFileType = sourcecode.swift; path = SignUpViewController.swift; sourceTree = "<group>"; };
		7FED24F625AA7D71000C6C34 /* LoginStartScreenView.swift */ = {isa = PBXFileReference; lastKnownFileType = sourcecode.swift; path = LoginStartScreenView.swift; sourceTree = "<group>"; };
		7FFA744825B768F400B9FD8B /* DataBaseManager.swift */ = {isa = PBXFileReference; lastKnownFileType = sourcecode.swift; path = DataBaseManager.swift; sourceTree = "<group>"; };
		7FFA744D25B7A0D100B9FD8B /* UIAlertExtension.swift */ = {isa = PBXFileReference; lastKnownFileType = sourcecode.swift; path = UIAlertExtension.swift; sourceTree = "<group>"; };
		913EB6FF2C137A8777FE3927 /* Pods_Studio_Lamda_Studio_LamdaUITests.framework */ = {isa = PBXFileReference; explicitFileType = wrapper.framework; includeInIndex = 0; path = Pods_Studio_Lamda_Studio_LamdaUITests.framework; sourceTree = BUILT_PRODUCTS_DIR; };
		93B18562F7204B6FE0CED2E4 /* Pods-Studio Lamda.debug.xcconfig */ = {isa = PBXFileReference; includeInIndex = 1; lastKnownFileType = text.xcconfig; name = "Pods-Studio Lamda.debug.xcconfig"; path = "Target Support Files/Pods-Studio Lamda/Pods-Studio Lamda.debug.xcconfig"; sourceTree = "<group>"; };
		9D6F6AF9399104EC55E2E5C4 /* Pods-Studio LamdaTests.release.xcconfig */ = {isa = PBXFileReference; includeInIndex = 1; lastKnownFileType = text.xcconfig; name = "Pods-Studio LamdaTests.release.xcconfig"; path = "Target Support Files/Pods-Studio LamdaTests/Pods-Studio LamdaTests.release.xcconfig"; sourceTree = "<group>"; };
		9FB03254AF8E8A045C47C943 /* Pods-Studio Lamda-Studio LamdaUITests.release.xcconfig */ = {isa = PBXFileReference; includeInIndex = 1; lastKnownFileType = text.xcconfig; name = "Pods-Studio Lamda-Studio LamdaUITests.release.xcconfig"; path = "Target Support Files/Pods-Studio Lamda-Studio LamdaUITests/Pods-Studio Lamda-Studio LamdaUITests.release.xcconfig"; sourceTree = "<group>"; };
		AF19785CBD2E9E05A6118128 /* Pods_Studio_Lamda.framework */ = {isa = PBXFileReference; explicitFileType = wrapper.framework; includeInIndex = 0; path = Pods_Studio_Lamda.framework; sourceTree = BUILT_PRODUCTS_DIR; };
		B472651070A71DBBD61E921E /* Pods-Studio LamdaTests.debug.xcconfig */ = {isa = PBXFileReference; includeInIndex = 1; lastKnownFileType = text.xcconfig; name = "Pods-Studio LamdaTests.debug.xcconfig"; path = "Target Support Files/Pods-Studio LamdaTests/Pods-Studio LamdaTests.debug.xcconfig"; sourceTree = "<group>"; };
		BB029714618B1C95E2F847A5 /* Pods-Studio Lamda-Studio LamdaUITests.debug.xcconfig */ = {isa = PBXFileReference; includeInIndex = 1; lastKnownFileType = text.xcconfig; name = "Pods-Studio Lamda-Studio LamdaUITests.debug.xcconfig"; path = "Target Support Files/Pods-Studio Lamda-Studio LamdaUITests/Pods-Studio Lamda-Studio LamdaUITests.debug.xcconfig"; sourceTree = "<group>"; };
/* End PBXFileReference section */

/* Begin PBXFrameworksBuildPhase section */
		7FD085322596AFCC001DF6A8 /* Frameworks */ = {
			isa = PBXFrameworksBuildPhase;
			buildActionMask = 2147483647;
			files = (
				7E78368FC949680B55FC3320 /* Pods_Studio_Lamda.framework in Frameworks */,
			);
			runOnlyForDeploymentPostprocessing = 0;
		};
		7FD085482596AFD0001DF6A8 /* Frameworks */ = {
			isa = PBXFrameworksBuildPhase;
			buildActionMask = 2147483647;
			files = (
				FBCF1903CC7C45A009E81661 /* Pods_Studio_LamdaTests.framework in Frameworks */,
			);
			runOnlyForDeploymentPostprocessing = 0;
		};
		7FD085532596AFD0001DF6A8 /* Frameworks */ = {
			isa = PBXFrameworksBuildPhase;
			buildActionMask = 2147483647;
			files = (
				3968A56CFBBA3C1436285C40 /* Pods_Studio_Lamda_Studio_LamdaUITests.framework in Frameworks */,
			);
			runOnlyForDeploymentPostprocessing = 0;
		};
/* End PBXFrameworksBuildPhase section */

/* Begin PBXGroup section */
		72A3DA50CCD1D4AE1F8AC041 /* Pods */ = {
			isa = PBXGroup;
			children = (
				93B18562F7204B6FE0CED2E4 /* Pods-Studio Lamda.debug.xcconfig */,
				4A754DD80938E0ACA242BCBA /* Pods-Studio Lamda.release.xcconfig */,
				BB029714618B1C95E2F847A5 /* Pods-Studio Lamda-Studio LamdaUITests.debug.xcconfig */,
				9FB03254AF8E8A045C47C943 /* Pods-Studio Lamda-Studio LamdaUITests.release.xcconfig */,
				B472651070A71DBBD61E921E /* Pods-Studio LamdaTests.debug.xcconfig */,
				9D6F6AF9399104EC55E2E5C4 /* Pods-Studio LamdaTests.release.xcconfig */,
			);
			path = Pods;
			sourceTree = "<group>";
		};
		7F1F5C322597CA8C00752B9F /* Detail Page View Controllers */ = {
			isa = PBXGroup;
			children = (
				7FD0853C2596AFCC001DF6A8 /* DetailPageViewController.swift */,
			);
			path = "Detail Page View Controllers";
			sourceTree = "<group>";
		};
		7F1F5C362597CA9D00752B9F /* Detail Page UiView */ = {
			isa = PBXGroup;
			children = (
				7F1F5C2D2597CA3100752B9F /* DetailPageBusinessInfo.swift */,
			);
			path = "Detail Page UiView";
			sourceTree = "<group>";
		};
		7F1FB65D259BBBF2005AEA68 /* MessagingViewController */ = {
			isa = PBXGroup;
			children = (
				7F1FB658259BBBEC005AEA68 /* MessagingViewController.swift */,
			);
			path = MessagingViewController;
			sourceTree = "<group>";
		};
		7F1FB669259BE3B9005AEA68 /* Detail Image View   */ = {
			isa = PBXGroup;
			children = (
				7F1FB664259BDC9D005AEA68 /* DetailImageViewController.swift */,
				7F1FB66D259BE3DE005AEA68 /* DetialImageUIView.swift */,
			);
			path = "Detail Image View  ";
			sourceTree = "<group>";
		};
		7F251C50259D87E0000C124A /*  Detail Page CollectionViews */ = {
			isa = PBXGroup;
			children = (
				7F251C51259D881D000C124A /* DetailImageCollectionViewCell.swift */,
				7F3EA8C125A1A8590078EDA5 /* ImageCollectionViewCell.swift */,
			);
			name = " Detail Page CollectionViews";
			path = ..;
			sourceTree = "<group>";
		};
		7F251C6A259E799C000C124A /* videos */ = {
			isa = PBXGroup;
			children = (
				7F251C62259E7984000C124A /* v1.mp4 */,
				7F251C63259E7984000C124A /* v2.mp4 */,
				7F251C61259E7984000C124A /* v3.mp4 */,
			);
			path = videos;
			sourceTree = "<group>";
		};
		7FD0852C2596AFCC001DF6A8 = {
			isa = PBXGroup;
			children = (
				7FD085372596AFCC001DF6A8 /* Studio Lamda */,
				7FD0854E2596AFD0001DF6A8 /* Studio LamdaTests */,
				7FD085592596AFD0001DF6A8 /* Studio LamdaUITests */,
				7FD085362596AFCC001DF6A8 /* Products */,
				72A3DA50CCD1D4AE1F8AC041 /* Pods */,
				E228C7224ADD05C3381F35C9 /* Frameworks */,
			);
			sourceTree = "<group>";
		};
		7FD085362596AFCC001DF6A8 /* Products */ = {
			isa = PBXGroup;
			children = (
				7FD085352596AFCC001DF6A8 /* Studio Lamda.app */,
				7FD0854B2596AFD0001DF6A8 /* Studio LamdaTests.xctest */,
				7FD085562596AFD0001DF6A8 /* Studio LamdaUITests.xctest */,
			);
			name = Products;
			sourceTree = "<group>";
		};
		7FD085372596AFCC001DF6A8 /* Studio Lamda */ = {
			isa = PBXGroup;
			children = (
				7FFA744725B7689400B9FD8B /* Resources */,
				7FED24E425AA7CCD000C6C34 /* Login Items */,
				7F1F5C322597CA8C00752B9F /* Detail Page View Controllers */,
				7F251C50259D87E0000C124A /*  Detail Page CollectionViews */,
				7F1F5C362597CA9D00752B9F /* Detail Page UiView */,
				7FD0853E2596AFCC001DF6A8 /* Main.storyboard */,
				7FD085412596AFD0001DF6A8 /* Assets.xcassets */,
				7F251C6A259E799C000C124A /* videos */,
				7FD085432596AFD0001DF6A8 /* LaunchScreen.storyboard */,
				7FDCBF0625AB8E5C00A01485 /* GoogleService-Info.plist */,
				7FD085462596AFD0001DF6A8 /* Info.plist */,
				7F1FB65D259BBBF2005AEA68 /* MessagingViewController */,
				7F1FB669259BE3B9005AEA68 /* Detail Image View   */,
				7F251C59259E75EA000C124A /* clientModel.swift */,
				7F3EA8B925A12AD10078EDA5 /* SegmentedProgressBar.swift */,
			);
			path = "Studio Lamda";
			sourceTree = "<group>";
		};
		7FD0854E2596AFD0001DF6A8 /* Studio LamdaTests */ = {
			isa = PBXGroup;
			children = (
				7FD0854F2596AFD0001DF6A8 /* Studio_LamdaTests.swift */,
				7FD085512596AFD0001DF6A8 /* Info.plist */,
			);
			path = "Studio LamdaTests";
			sourceTree = "<group>";
		};
		7FD085592596AFD0001DF6A8 /* Studio LamdaUITests */ = {
			isa = PBXGroup;
			children = (
				7FD0855A2596AFD0001DF6A8 /* Studio_LamdaUITests.swift */,
				7FD0855C2596AFD0001DF6A8 /* Info.plist */,
			);
			path = "Studio LamdaUITests";
			sourceTree = "<group>";
		};
		7FDCBEF725AAC1DB00A01485 /* LoginView */ = {
			isa = PBXGroup;
			children = (
				7FDCBF0125AB051700A01485 /* LoginView.swift */,
			);
			path = LoginView;
			sourceTree = "<group>";
		};
		7FDCBEF825AAC1F800A01485 /* SignupView */ = {
			isa = PBXGroup;
			children = (
				7FDCBEF925AAC74F00A01485 /* SignUpView.swift */,
			);
			path = SignupView;
			sourceTree = "<group>";
		};
		7FED24E425AA7CCD000C6C34 /* Login Items */ = {
			isa = PBXGroup;
			children = (
				7FDCBEF825AAC1F800A01485 /* SignupView */,
				7FDCBEF725AAC1DB00A01485 /* LoginView */,
				7FED24F525AA7D34000C6C34 /* LoginStartUIVew */,
				7FED24F425AA7D1C000C6C34 /* ViewControllers */,
			);
			name = "Login Items";
			sourceTree = "<group>";
		};
		7FED24F425AA7D1C000C6C34 /* ViewControllers */ = {
			isa = PBXGroup;
			children = (
				7FED24E525AA7CEB000C6C34 /* LoginStartScreenViewController.swift */,
				7FED24EA25AA7D01000C6C34 /* LoginViewController.swift */,
				7FED24EF25AA7D15000C6C34 /* SignUpViewController.swift */,
			);
			path = ViewControllers;
			sourceTree = "<group>";
		};
		7FED24F525AA7D34000C6C34 /* LoginStartUIVew */ = {
			isa = PBXGroup;
			children = (
				7FED24F625AA7D71000C6C34 /* LoginStartScreenView.swift */,
			);
			path = LoginStartUIVew;
			sourceTree = "<group>";
		};
		7FFA744725B7689400B9FD8B /* Resources */ = {
			isa = PBXGroup;
			children = (
				7FD0853A2596AFCC001DF6A8 /* SceneDelegate.swift */,
				7FD085382596AFCC001DF6A8 /* AppDelegate.swift */,
				7FFA744825B768F400B9FD8B /* DataBaseManager.swift */,
				7FFA744D25B7A0D100B9FD8B /* UIAlertExtension.swift */,
				7F1A923625BE902300821C7B /* StorageManager.swift */,
			);
			path = Resources;
			sourceTree = "<group>";
		};
		E228C7224ADD05C3381F35C9 /* Frameworks */ = {
			isa = PBXGroup;
			children = (
				AF19785CBD2E9E05A6118128 /* Pods_Studio_Lamda.framework */,
				913EB6FF2C137A8777FE3927 /* Pods_Studio_Lamda_Studio_LamdaUITests.framework */,
				6907892D954E607DA4DECACE /* Pods_Studio_LamdaTests.framework */,
			);
			name = Frameworks;
			sourceTree = "<group>";
		};
/* End PBXGroup section */

/* Begin PBXNativeTarget section */
		7FD085342596AFCC001DF6A8 /* Studio Lamda */ = {
			isa = PBXNativeTarget;
			buildConfigurationList = 7FD0855F2596AFD0001DF6A8 /* Build configuration list for PBXNativeTarget "Studio Lamda" */;
			buildPhases = (
				0BD28F6832F96852E40DE0C7 /* [CP] Check Pods Manifest.lock */,
				7FD085312596AFCC001DF6A8 /* Sources */,
				7FD085322596AFCC001DF6A8 /* Frameworks */,
				7FD085332596AFCC001DF6A8 /* Resources */,
				AD80BDF9C239EBA147765267 /* [CP] Embed Pods Frameworks */,
			);
			buildRules = (
			);
			dependencies = (
			);
			name = "Studio Lamda";
			productName = "Studio Lamda";
			productReference = 7FD085352596AFCC001DF6A8 /* Studio Lamda.app */;
			productType = "com.apple.product-type.application";
		};
		7FD0854A2596AFD0001DF6A8 /* Studio LamdaTests */ = {
			isa = PBXNativeTarget;
			buildConfigurationList = 7FD085622596AFD0001DF6A8 /* Build configuration list for PBXNativeTarget "Studio LamdaTests" */;
			buildPhases = (
				5340D48E843EFEEA124D6A14 /* [CP] Check Pods Manifest.lock */,
				7FD085472596AFD0001DF6A8 /* Sources */,
				7FD085482596AFD0001DF6A8 /* Frameworks */,
				7FD085492596AFD0001DF6A8 /* Resources */,
			);
			buildRules = (
			);
			dependencies = (
				7FD0854D2596AFD0001DF6A8 /* PBXTargetDependency */,
			);
			name = "Studio LamdaTests";
			productName = "Studio LamdaTests";
			productReference = 7FD0854B2596AFD0001DF6A8 /* Studio LamdaTests.xctest */;
			productType = "com.apple.product-type.bundle.unit-test";
		};
		7FD085552596AFD0001DF6A8 /* Studio LamdaUITests */ = {
			isa = PBXNativeTarget;
			buildConfigurationList = 7FD085652596AFD0001DF6A8 /* Build configuration list for PBXNativeTarget "Studio LamdaUITests" */;
			buildPhases = (
				54DE9638E2C9F9CDCAD3EA72 /* [CP] Check Pods Manifest.lock */,
				7FD085522596AFD0001DF6A8 /* Sources */,
				7FD085532596AFD0001DF6A8 /* Frameworks */,
				7FD085542596AFD0001DF6A8 /* Resources */,
				5564278D087FCB504D691D21 /* [CP] Embed Pods Frameworks */,
			);
			buildRules = (
			);
			dependencies = (
				7FD085582596AFD0001DF6A8 /* PBXTargetDependency */,
			);
			name = "Studio LamdaUITests";
			productName = "Studio LamdaUITests";
			productReference = 7FD085562596AFD0001DF6A8 /* Studio LamdaUITests.xctest */;
			productType = "com.apple.product-type.bundle.ui-testing";
		};
/* End PBXNativeTarget section */

/* Begin PBXProject section */
		7FD0852D2596AFCC001DF6A8 /* Project object */ = {
			isa = PBXProject;
			attributes = {
				LastSwiftUpdateCheck = 1200;
				LastUpgradeCheck = 1200;
				TargetAttributes = {
					7FD085342596AFCC001DF6A8 = {
						CreatedOnToolsVersion = 12.0.1;
					};
					7FD0854A2596AFD0001DF6A8 = {
						CreatedOnToolsVersion = 12.0.1;
						TestTargetID = 7FD085342596AFCC001DF6A8;
					};
					7FD085552596AFD0001DF6A8 = {
						CreatedOnToolsVersion = 12.0.1;
						TestTargetID = 7FD085342596AFCC001DF6A8;
					};
				};
			};
			buildConfigurationList = 7FD085302596AFCC001DF6A8 /* Build configuration list for PBXProject "Studio Lamda" */;
			compatibilityVersion = "Xcode 9.3";
			developmentRegion = en;
			hasScannedForEncodings = 0;
			knownRegions = (
				en,
				Base,
			);
			mainGroup = 7FD0852C2596AFCC001DF6A8;
			productRefGroup = 7FD085362596AFCC001DF6A8 /* Products */;
			projectDirPath = "";
			projectRoot = "";
			targets = (
				7FD085342596AFCC001DF6A8 /* Studio Lamda */,
				7FD0854A2596AFD0001DF6A8 /* Studio LamdaTests */,
				7FD085552596AFD0001DF6A8 /* Studio LamdaUITests */,
			);
		};
/* End PBXProject section */

/* Begin PBXResourcesBuildPhase section */
		7FD085332596AFCC001DF6A8 /* Resources */ = {
			isa = PBXResourcesBuildPhase;
			buildActionMask = 2147483647;
			files = (
				7F251C66259E7984000C124A /* v2.mp4 in Resources */,
				7FD085452596AFD0001DF6A8 /* LaunchScreen.storyboard in Resources */,
				7FD085422596AFD0001DF6A8 /* Assets.xcassets in Resources */,
				7FD085402596AFCC001DF6A8 /* Main.storyboard in Resources */,
				7F251C64259E7984000C124A /* v3.mp4 in Resources */,
				7F251C65259E7984000C124A /* v1.mp4 in Resources */,
				7FDCBF0725AB8E5C00A01485 /* GoogleService-Info.plist in Resources */,
			);
			runOnlyForDeploymentPostprocessing = 0;
		};
		7FD085492596AFD0001DF6A8 /* Resources */ = {
			isa = PBXResourcesBuildPhase;
			buildActionMask = 2147483647;
			files = (
			);
			runOnlyForDeploymentPostprocessing = 0;
		};
		7FD085542596AFD0001DF6A8 /* Resources */ = {
			isa = PBXResourcesBuildPhase;
			buildActionMask = 2147483647;
			files = (
			);
			runOnlyForDeploymentPostprocessing = 0;
		};
/* End PBXResourcesBuildPhase section */

/* Begin PBXShellScriptBuildPhase section */
		0BD28F6832F96852E40DE0C7 /* [CP] Check Pods Manifest.lock */ = {
			isa = PBXShellScriptBuildPhase;
			buildActionMask = 2147483647;
			files = (
			);
			inputFileListPaths = (
			);
			inputPaths = (
				"${PODS_PODFILE_DIR_PATH}/Podfile.lock",
				"${PODS_ROOT}/Manifest.lock",
			);
			name = "[CP] Check Pods Manifest.lock";
			outputFileListPaths = (
			);
			outputPaths = (
				"$(DERIVED_FILE_DIR)/Pods-Studio Lamda-checkManifestLockResult.txt",
			);
			runOnlyForDeploymentPostprocessing = 0;
			shellPath = /bin/sh;
			shellScript = "diff \"${PODS_PODFILE_DIR_PATH}/Podfile.lock\" \"${PODS_ROOT}/Manifest.lock\" > /dev/null\nif [ $? != 0 ] ; then\n    # print error to STDERR\n    echo \"error: The sandbox is not in sync with the Podfile.lock. Run 'pod install' or update your CocoaPods installation.\" >&2\n    exit 1\nfi\n# This output is used by Xcode 'outputs' to avoid re-running this script phase.\necho \"SUCCESS\" > \"${SCRIPT_OUTPUT_FILE_0}\"\n";
			showEnvVarsInLog = 0;
		};
		5340D48E843EFEEA124D6A14 /* [CP] Check Pods Manifest.lock */ = {
			isa = PBXShellScriptBuildPhase;
			buildActionMask = 2147483647;
			files = (
			);
			inputFileListPaths = (
			);
			inputPaths = (
				"${PODS_PODFILE_DIR_PATH}/Podfile.lock",
				"${PODS_ROOT}/Manifest.lock",
			);
			name = "[CP] Check Pods Manifest.lock";
			outputFileListPaths = (
			);
			outputPaths = (
				"$(DERIVED_FILE_DIR)/Pods-Studio LamdaTests-checkManifestLockResult.txt",
			);
			runOnlyForDeploymentPostprocessing = 0;
			shellPath = /bin/sh;
			shellScript = "diff \"${PODS_PODFILE_DIR_PATH}/Podfile.lock\" \"${PODS_ROOT}/Manifest.lock\" > /dev/null\nif [ $? != 0 ] ; then\n    # print error to STDERR\n    echo \"error: The sandbox is not in sync with the Podfile.lock. Run 'pod install' or update your CocoaPods installation.\" >&2\n    exit 1\nfi\n# This output is used by Xcode 'outputs' to avoid re-running this script phase.\necho \"SUCCESS\" > \"${SCRIPT_OUTPUT_FILE_0}\"\n";
			showEnvVarsInLog = 0;
		};
		54DE9638E2C9F9CDCAD3EA72 /* [CP] Check Pods Manifest.lock */ = {
			isa = PBXShellScriptBuildPhase;
			buildActionMask = 2147483647;
			files = (
			);
			inputFileListPaths = (
			);
			inputPaths = (
				"${PODS_PODFILE_DIR_PATH}/Podfile.lock",
				"${PODS_ROOT}/Manifest.lock",
			);
			name = "[CP] Check Pods Manifest.lock";
			outputFileListPaths = (
			);
			outputPaths = (
				"$(DERIVED_FILE_DIR)/Pods-Studio Lamda-Studio LamdaUITests-checkManifestLockResult.txt",
			);
			runOnlyForDeploymentPostprocessing = 0;
			shellPath = /bin/sh;
			shellScript = "diff \"${PODS_PODFILE_DIR_PATH}/Podfile.lock\" \"${PODS_ROOT}/Manifest.lock\" > /dev/null\nif [ $? != 0 ] ; then\n    # print error to STDERR\n    echo \"error: The sandbox is not in sync with the Podfile.lock. Run 'pod install' or update your CocoaPods installation.\" >&2\n    exit 1\nfi\n# This output is used by Xcode 'outputs' to avoid re-running this script phase.\necho \"SUCCESS\" > \"${SCRIPT_OUTPUT_FILE_0}\"\n";
			showEnvVarsInLog = 0;
		};
		5564278D087FCB504D691D21 /* [CP] Embed Pods Frameworks */ = {
			isa = PBXShellScriptBuildPhase;
			buildActionMask = 2147483647;
			files = (
			);
			inputFileListPaths = (
				"${PODS_ROOT}/Target Support Files/Pods-Studio Lamda-Studio LamdaUITests/Pods-Studio Lamda-Studio LamdaUITests-frameworks-${CONFIGURATION}-input-files.xcfilelist",
			);
			name = "[CP] Embed Pods Frameworks";
			outputFileListPaths = (
				"${PODS_ROOT}/Target Support Files/Pods-Studio Lamda-Studio LamdaUITests/Pods-Studio Lamda-Studio LamdaUITests-frameworks-${CONFIGURATION}-output-files.xcfilelist",
			);
			runOnlyForDeploymentPostprocessing = 0;
			shellPath = /bin/sh;
			shellScript = "\"${PODS_ROOT}/Target Support Files/Pods-Studio Lamda-Studio LamdaUITests/Pods-Studio Lamda-Studio LamdaUITests-frameworks.sh\"\n";
			showEnvVarsInLog = 0;
		};
		AD80BDF9C239EBA147765267 /* [CP] Embed Pods Frameworks */ = {
			isa = PBXShellScriptBuildPhase;
			buildActionMask = 2147483647;
			files = (
			);
			inputFileListPaths = (
				"${PODS_ROOT}/Target Support Files/Pods-Studio Lamda/Pods-Studio Lamda-frameworks-${CONFIGURATION}-input-files.xcfilelist",
			);
			name = "[CP] Embed Pods Frameworks";
			outputFileListPaths = (
				"${PODS_ROOT}/Target Support Files/Pods-Studio Lamda/Pods-Studio Lamda-frameworks-${CONFIGURATION}-output-files.xcfilelist",
			);
			runOnlyForDeploymentPostprocessing = 0;
			shellPath = /bin/sh;
			shellScript = "\"${PODS_ROOT}/Target Support Files/Pods-Studio Lamda/Pods-Studio Lamda-frameworks.sh\"\n";
			showEnvVarsInLog = 0;
		};
/* End PBXShellScriptBuildPhase section */

/* Begin PBXSourcesBuildPhase section */
		7FD085312596AFCC001DF6A8 /* Sources */ = {
			isa = PBXSourcesBuildPhase;
			buildActionMask = 2147483647;
			files = (
				7FD0853D2596AFCC001DF6A8 /* DetailPageViewController.swift in Sources */,
				7F3EA8BA25A12AD10078EDA5 /* SegmentedProgressBar.swift in Sources */,
				7FD085392596AFCC001DF6A8 /* AppDelegate.swift in Sources */,
				7F251C52259D881D000C124A /* DetailImageCollectionViewCell.swift in Sources */,
				7F3EA8C225A1A8590078EDA5 /* ImageCollectionViewCell.swift in Sources */,
				7FED24E625AA7CEB000C6C34 /* LoginStartScreenViewController.swift in Sources */,
				7FD0853B2596AFCC001DF6A8 /* SceneDelegate.swift in Sources */,
				7F1A923725BE902300821C7B /* StorageManager.swift in Sources */,
				7F1FB66E259BE3DE005AEA68 /* DetialImageUIView.swift in Sources */,
				7FED24F025AA7D15000C6C34 /* SignUpViewController.swift in Sources */,
				7FFA744E25B7A0D100B9FD8B /* UIAlertExtension.swift in Sources */,
				7F1FB665259BDC9D005AEA68 /* DetailImageViewController.swift in Sources */,
				7FFA744925B768F400B9FD8B /* DataBaseManager.swift in Sources */,
				7FDCBF0225AB051700A01485 /* LoginView.swift in Sources */,
				7FED24F725AA7D71000C6C34 /* LoginStartScreenView.swift in Sources */,
				7F1FB659259BBBEC005AEA68 /* MessagingViewController.swift in Sources */,
				7FDCBEFA25AAC74F00A01485 /* SignUpView.swift in Sources */,
				7F1F5C2E2597CA3100752B9F /* DetailPageBusinessInfo.swift in Sources */,
				7FED24EB25AA7D01000C6C34 /* LoginViewController.swift in Sources */,
				7F251C5A259E75EA000C124A /* clientModel.swift in Sources */,
			);
			runOnlyForDeploymentPostprocessing = 0;
		};
		7FD085472596AFD0001DF6A8 /* Sources */ = {
			isa = PBXSourcesBuildPhase;
			buildActionMask = 2147483647;
			files = (
				7FD085502596AFD0001DF6A8 /* Studio_LamdaTests.swift in Sources */,
			);
			runOnlyForDeploymentPostprocessing = 0;
		};
		7FD085522596AFD0001DF6A8 /* Sources */ = {
			isa = PBXSourcesBuildPhase;
			buildActionMask = 2147483647;
			files = (
				7FD0855B2596AFD0001DF6A8 /* Studio_LamdaUITests.swift in Sources */,
			);
			runOnlyForDeploymentPostprocessing = 0;
		};
/* End PBXSourcesBuildPhase section */

/* Begin PBXTargetDependency section */
		7FD0854D2596AFD0001DF6A8 /* PBXTargetDependency */ = {
			isa = PBXTargetDependency;
			target = 7FD085342596AFCC001DF6A8 /* Studio Lamda */;
			targetProxy = 7FD0854C2596AFD0001DF6A8 /* PBXContainerItemProxy */;
		};
		7FD085582596AFD0001DF6A8 /* PBXTargetDependency */ = {
			isa = PBXTargetDependency;
			target = 7FD085342596AFCC001DF6A8 /* Studio Lamda */;
			targetProxy = 7FD085572596AFD0001DF6A8 /* PBXContainerItemProxy */;
		};
/* End PBXTargetDependency section */

/* Begin PBXVariantGroup section */
		7FD0853E2596AFCC001DF6A8 /* Main.storyboard */ = {
			isa = PBXVariantGroup;
			children = (
				7FD0853F2596AFCC001DF6A8 /* Base */,
			);
			name = Main.storyboard;
			sourceTree = "<group>";
		};
		7FD085432596AFD0001DF6A8 /* LaunchScreen.storyboard */ = {
			isa = PBXVariantGroup;
			children = (
				7FD085442596AFD0001DF6A8 /* Base */,
			);
			name = LaunchScreen.storyboard;
			sourceTree = "<group>";
		};
/* End PBXVariantGroup section */

/* Begin XCBuildConfiguration section */
		7FD0855D2596AFD0001DF6A8 /* Debug */ = {
			isa = XCBuildConfiguration;
			buildSettings = {
				ALWAYS_SEARCH_USER_PATHS = NO;
				CLANG_ANALYZER_NONNULL = YES;
				CLANG_ANALYZER_NUMBER_OBJECT_CONVERSION = YES_AGGRESSIVE;
				CLANG_CXX_LANGUAGE_STANDARD = "gnu++14";
				CLANG_CXX_LIBRARY = "libc++";
				CLANG_ENABLE_MODULES = YES;
				CLANG_ENABLE_OBJC_ARC = YES;
				CLANG_ENABLE_OBJC_WEAK = YES;
				CLANG_WARN_BLOCK_CAPTURE_AUTORELEASING = YES;
				CLANG_WARN_BOOL_CONVERSION = YES;
				CLANG_WARN_COMMA = YES;
				CLANG_WARN_CONSTANT_CONVERSION = YES;
				CLANG_WARN_DEPRECATED_OBJC_IMPLEMENTATIONS = YES;
				CLANG_WARN_DIRECT_OBJC_ISA_USAGE = YES_ERROR;
				CLANG_WARN_DOCUMENTATION_COMMENTS = YES;
				CLANG_WARN_EMPTY_BODY = YES;
				CLANG_WARN_ENUM_CONVERSION = YES;
				CLANG_WARN_INFINITE_RECURSION = YES;
				CLANG_WARN_INT_CONVERSION = YES;
				CLANG_WARN_NON_LITERAL_NULL_CONVERSION = YES;
				CLANG_WARN_OBJC_IMPLICIT_RETAIN_SELF = YES;
				CLANG_WARN_OBJC_LITERAL_CONVERSION = YES;
				CLANG_WARN_OBJC_ROOT_CLASS = YES_ERROR;
				CLANG_WARN_QUOTED_INCLUDE_IN_FRAMEWORK_HEADER = YES;
				CLANG_WARN_RANGE_LOOP_ANALYSIS = YES;
				CLANG_WARN_STRICT_PROTOTYPES = YES;
				CLANG_WARN_SUSPICIOUS_MOVE = YES;
				CLANG_WARN_UNGUARDED_AVAILABILITY = YES_AGGRESSIVE;
				CLANG_WARN_UNREACHABLE_CODE = YES;
				CLANG_WARN__DUPLICATE_METHOD_MATCH = YES;
				COPY_PHASE_STRIP = NO;
				DEBUG_INFORMATION_FORMAT = dwarf;
				ENABLE_STRICT_OBJC_MSGSEND = YES;
				ENABLE_TESTABILITY = YES;
				GCC_C_LANGUAGE_STANDARD = gnu11;
				GCC_DYNAMIC_NO_PIC = NO;
				GCC_NO_COMMON_BLOCKS = YES;
				GCC_OPTIMIZATION_LEVEL = 0;
				GCC_PREPROCESSOR_DEFINITIONS = (
					"DEBUG=1",
					"$(inherited)",
				);
				GCC_WARN_64_TO_32_BIT_CONVERSION = YES;
				GCC_WARN_ABOUT_RETURN_TYPE = YES_ERROR;
				GCC_WARN_UNDECLARED_SELECTOR = YES;
				GCC_WARN_UNINITIALIZED_AUTOS = YES_AGGRESSIVE;
				GCC_WARN_UNUSED_FUNCTION = YES;
				GCC_WARN_UNUSED_VARIABLE = YES;
				IPHONEOS_DEPLOYMENT_TARGET = 14.0;
				MTL_ENABLE_DEBUG_INFO = INCLUDE_SOURCE;
				MTL_FAST_MATH = YES;
				ONLY_ACTIVE_ARCH = YES;
				SDKROOT = iphoneos;
				SWIFT_ACTIVE_COMPILATION_CONDITIONS = DEBUG;
				SWIFT_OPTIMIZATION_LEVEL = "-Onone";
			};
			name = Debug;
		};
		7FD0855E2596AFD0001DF6A8 /* Release */ = {
			isa = XCBuildConfiguration;
			buildSettings = {
				ALWAYS_SEARCH_USER_PATHS = NO;
				CLANG_ANALYZER_NONNULL = YES;
				CLANG_ANALYZER_NUMBER_OBJECT_CONVERSION = YES_AGGRESSIVE;
				CLANG_CXX_LANGUAGE_STANDARD = "gnu++14";
				CLANG_CXX_LIBRARY = "libc++";
				CLANG_ENABLE_MODULES = YES;
				CLANG_ENABLE_OBJC_ARC = YES;
				CLANG_ENABLE_OBJC_WEAK = YES;
				CLANG_WARN_BLOCK_CAPTURE_AUTORELEASING = YES;
				CLANG_WARN_BOOL_CONVERSION = YES;
				CLANG_WARN_COMMA = YES;
				CLANG_WARN_CONSTANT_CONVERSION = YES;
				CLANG_WARN_DEPRECATED_OBJC_IMPLEMENTATIONS = YES;
				CLANG_WARN_DIRECT_OBJC_ISA_USAGE = YES_ERROR;
				CLANG_WARN_DOCUMENTATION_COMMENTS = YES;
				CLANG_WARN_EMPTY_BODY = YES;
				CLANG_WARN_ENUM_CONVERSION = YES;
				CLANG_WARN_INFINITE_RECURSION = YES;
				CLANG_WARN_INT_CONVERSION = YES;
				CLANG_WARN_NON_LITERAL_NULL_CONVERSION = YES;
				CLANG_WARN_OBJC_IMPLICIT_RETAIN_SELF = YES;
				CLANG_WARN_OBJC_LITERAL_CONVERSION = YES;
				CLANG_WARN_OBJC_ROOT_CLASS = YES_ERROR;
				CLANG_WARN_QUOTED_INCLUDE_IN_FRAMEWORK_HEADER = YES;
				CLANG_WARN_RANGE_LOOP_ANALYSIS = YES;
				CLANG_WARN_STRICT_PROTOTYPES = YES;
				CLANG_WARN_SUSPICIOUS_MOVE = YES;
				CLANG_WARN_UNGUARDED_AVAILABILITY = YES_AGGRESSIVE;
				CLANG_WARN_UNREACHABLE_CODE = YES;
				CLANG_WARN__DUPLICATE_METHOD_MATCH = YES;
				COPY_PHASE_STRIP = NO;
				DEBUG_INFORMATION_FORMAT = "dwarf-with-dsym";
				ENABLE_NS_ASSERTIONS = NO;
				ENABLE_STRICT_OBJC_MSGSEND = YES;
				GCC_C_LANGUAGE_STANDARD = gnu11;
				GCC_NO_COMMON_BLOCKS = YES;
				GCC_WARN_64_TO_32_BIT_CONVERSION = YES;
				GCC_WARN_ABOUT_RETURN_TYPE = YES_ERROR;
				GCC_WARN_UNDECLARED_SELECTOR = YES;
				GCC_WARN_UNINITIALIZED_AUTOS = YES_AGGRESSIVE;
				GCC_WARN_UNUSED_FUNCTION = YES;
				GCC_WARN_UNUSED_VARIABLE = YES;
				IPHONEOS_DEPLOYMENT_TARGET = 14.0;
				MTL_ENABLE_DEBUG_INFO = NO;
				MTL_FAST_MATH = YES;
				SDKROOT = iphoneos;
				SWIFT_COMPILATION_MODE = wholemodule;
				SWIFT_OPTIMIZATION_LEVEL = "-O";
				VALIDATE_PRODUCT = YES;
			};
			name = Release;
		};
		7FD085602596AFD0001DF6A8 /* Debug */ = {
			isa = XCBuildConfiguration;
			baseConfigurationReference = 93B18562F7204B6FE0CED2E4 /* Pods-Studio Lamda.debug.xcconfig */;
			buildSettings = {
				ASSETCATALOG_COMPILER_APPICON_NAME = AppIcon;
				ASSETCATALOG_COMPILER_GLOBAL_ACCENT_COLOR_NAME = AccentColor;
				CODE_SIGN_STYLE = Automatic;
				DEVELOPMENT_TEAM = RFPRDQU6MN;
				INFOPLIST_FILE = "Studio Lamda/Info.plist";
				LD_RUNPATH_SEARCH_PATHS = (
					"$(inherited)",
					"@executable_path/Frameworks",
				);
				PRODUCT_BUNDLE_IDENTIFIER = "iOS.Studio-Lamda";
				PRODUCT_NAME = "$(TARGET_NAME)";
				SWIFT_VERSION = 5.0;
				TARGETED_DEVICE_FAMILY = "1,2";
			};
			name = Debug;
		};
		7FD085612596AFD0001DF6A8 /* Release */ = {
			isa = XCBuildConfiguration;
			baseConfigurationReference = 4A754DD80938E0ACA242BCBA /* Pods-Studio Lamda.release.xcconfig */;
			buildSettings = {
				ASSETCATALOG_COMPILER_APPICON_NAME = AppIcon;
				ASSETCATALOG_COMPILER_GLOBAL_ACCENT_COLOR_NAME = AccentColor;
				CODE_SIGN_STYLE = Automatic;
				DEVELOPMENT_TEAM = RFPRDQU6MN;
				INFOPLIST_FILE = "Studio Lamda/Info.plist";
				LD_RUNPATH_SEARCH_PATHS = (
					"$(inherited)",
					"@executable_path/Frameworks",
				);
				PRODUCT_BUNDLE_IDENTIFIER = "iOS.Studio-Lamda";
				PRODUCT_NAME = "$(TARGET_NAME)";
				SWIFT_VERSION = 5.0;
				TARGETED_DEVICE_FAMILY = "1,2";
			};
			name = Release;
		};
		7FD085632596AFD0001DF6A8 /* Debug */ = {
			isa = XCBuildConfiguration;
			baseConfigurationReference = B472651070A71DBBD61E921E /* Pods-Studio LamdaTests.debug.xcconfig */;
			buildSettings = {
				ALWAYS_EMBED_SWIFT_STANDARD_LIBRARIES = YES;
				BUNDLE_LOADER = "$(TEST_HOST)";
				CODE_SIGN_STYLE = Automatic;
				DEVELOPMENT_TEAM = RFPRDQU6MN;
				INFOPLIST_FILE = "Studio LamdaTests/Info.plist";
				IPHONEOS_DEPLOYMENT_TARGET = 14.0;
				LD_RUNPATH_SEARCH_PATHS = (
					"$(inherited)",
					"@executable_path/Frameworks",
					"@loader_path/Frameworks",
				);
				PRODUCT_BUNDLE_IDENTIFIER = "iOS.Studio-LamdaTests";
				PRODUCT_NAME = "$(TARGET_NAME)";
				SWIFT_VERSION = 5.0;
				TARGETED_DEVICE_FAMILY = "1,2";
				TEST_HOST = "$(BUILT_PRODUCTS_DIR)/Studio Lamda.app/Studio Lamda";
			};
			name = Debug;
		};
		7FD085642596AFD0001DF6A8 /* Release */ = {
			isa = XCBuildConfiguration;
			baseConfigurationReference = 9D6F6AF9399104EC55E2E5C4 /* Pods-Studio LamdaTests.release.xcconfig */;
			buildSettings = {
				ALWAYS_EMBED_SWIFT_STANDARD_LIBRARIES = YES;
				BUNDLE_LOADER = "$(TEST_HOST)";
				CODE_SIGN_STYLE = Automatic;
				DEVELOPMENT_TEAM = RFPRDQU6MN;
				INFOPLIST_FILE = "Studio LamdaTests/Info.plist";
				IPHONEOS_DEPLOYMENT_TARGET = 14.0;
				LD_RUNPATH_SEARCH_PATHS = (
					"$(inherited)",
					"@executable_path/Frameworks",
					"@loader_path/Frameworks",
				);
				PRODUCT_BUNDLE_IDENTIFIER = "iOS.Studio-LamdaTests";
				PRODUCT_NAME = "$(TARGET_NAME)";
				SWIFT_VERSION = 5.0;
				TARGETED_DEVICE_FAMILY = "1,2";
				TEST_HOST = "$(BUILT_PRODUCTS_DIR)/Studio Lamda.app/Studio Lamda";
			};
			name = Release;
		};
		7FD085662596AFD0001DF6A8 /* Debug */ = {
			isa = XCBuildConfiguration;
			baseConfigurationReference = BB029714618B1C95E2F847A5 /* Pods-Studio Lamda-Studio LamdaUITests.debug.xcconfig */;
			buildSettings = {
				ALWAYS_EMBED_SWIFT_STANDARD_LIBRARIES = YES;
				CODE_SIGN_STYLE = Automatic;
				DEVELOPMENT_TEAM = RFPRDQU6MN;
				INFOPLIST_FILE = "Studio LamdaUITests/Info.plist";
				LD_RUNPATH_SEARCH_PATHS = (
					"$(inherited)",
					"@executable_path/Frameworks",
					"@loader_path/Frameworks",
				);
				PRODUCT_BUNDLE_IDENTIFIER = "iOS.Studio-LamdaUITests";
				PRODUCT_NAME = "$(TARGET_NAME)";
				SWIFT_VERSION = 5.0;
				TARGETED_DEVICE_FAMILY = "1,2";
				TEST_TARGET_NAME = "Studio Lamda";
			};
			name = Debug;
		};
		7FD085672596AFD0001DF6A8 /* Release */ = {
			isa = XCBuildConfiguration;
			baseConfigurationReference = 9FB03254AF8E8A045C47C943 /* Pods-Studio Lamda-Studio LamdaUITests.release.xcconfig */;
			buildSettings = {
				ALWAYS_EMBED_SWIFT_STANDARD_LIBRARIES = YES;
				CODE_SIGN_STYLE = Automatic;
				DEVELOPMENT_TEAM = RFPRDQU6MN;
				INFOPLIST_FILE = "Studio LamdaUITests/Info.plist";
				LD_RUNPATH_SEARCH_PATHS = (
					"$(inherited)",
					"@executable_path/Frameworks",
					"@loader_path/Frameworks",
				);
				PRODUCT_BUNDLE_IDENTIFIER = "iOS.Studio-LamdaUITests";
				PRODUCT_NAME = "$(TARGET_NAME)";
				SWIFT_VERSION = 5.0;
				TARGETED_DEVICE_FAMILY = "1,2";
				TEST_TARGET_NAME = "Studio Lamda";
			};
			name = Release;
		};
/* End XCBuildConfiguration section */

/* Begin XCConfigurationList section */
		7FD085302596AFCC001DF6A8 /* Build configuration list for PBXProject "Studio Lamda" */ = {
			isa = XCConfigurationList;
			buildConfigurations = (
				7FD0855D2596AFD0001DF6A8 /* Debug */,
				7FD0855E2596AFD0001DF6A8 /* Release */,
			);
			defaultConfigurationIsVisible = 0;
			defaultConfigurationName = Release;
		};
		7FD0855F2596AFD0001DF6A8 /* Build configuration list for PBXNativeTarget "Studio Lamda" */ = {
			isa = XCConfigurationList;
			buildConfigurations = (
				7FD085602596AFD0001DF6A8 /* Debug */,
				7FD085612596AFD0001DF6A8 /* Release */,
			);
			defaultConfigurationIsVisible = 0;
			defaultConfigurationName = Release;
		};
		7FD085622596AFD0001DF6A8 /* Build configuration list for PBXNativeTarget "Studio LamdaTests" */ = {
			isa = XCConfigurationList;
			buildConfigurations = (
				7FD085632596AFD0001DF6A8 /* Debug */,
				7FD085642596AFD0001DF6A8 /* Release */,
			);
			defaultConfigurationIsVisible = 0;
			defaultConfigurationName = Release;
		};
		7FD085652596AFD0001DF6A8 /* Build configuration list for PBXNativeTarget "Studio LamdaUITests" */ = {
			isa = XCConfigurationList;
			buildConfigurations = (
				7FD085662596AFD0001DF6A8 /* Debug */,
				7FD085672596AFD0001DF6A8 /* Release */,
			);
			defaultConfigurationIsVisible = 0;
			defaultConfigurationName = Release;
		};
/* End XCConfigurationList section */
	};
	rootObject = 7FD0852D2596AFCC001DF6A8 /* Project object */;
}
